{
  "name": "uniq-demo",
  "version": "1.0.0",
  "lockfileVersion": 2,
  "requires": true,
  "packages": {
    "": {
      "name": "uniq-demo",
      "version": "1.0.0",
      "license": "ISC",
      "dependencies": {
        "radash": "^12.1.0"
      }
    },
    "node_modules/radash": {
      "version": "12.1.0",
      "resolved": "https://registry.npmjs.org/radash/-/radash-12.1.0.tgz",
      "integrity": "sha512-b0Zcf09AhqKS83btmUeYBS8tFK7XL2e3RvLmZcm0sTdF1/UUlHSsjXdCcWNxe7yfmAlPve5ym0DmKGtTzP6kVQ==",
      "engines": {
        "node": ">=14.18.0"
      }
    }
  },
  "dependencies": {
    "radash": {
      "version": "12.1.0",
      "resolved": "https://registry.npmjs.org/radash/-/radash-12.1.0.tgz",
      "integrity": "sha512-b0Zcf09AhqKS83btmUeYBS8tFK7XL2e3RvLmZcm0sTdF1/UUlHSsjXdCcWNxe7yfmAlPve5ym0DmKGtTzP6kVQ=="
    }
  }
}
